// !$*UTF8*$!
{
	archiveVersion = 1;
	classes = {
	};
	objectVersion = 46;
	objects = {

/* Begin PBXBuildFile section */
		1640ADB11DF11E9700302BD2 /* main.cpp in Sources */ = {isa = PBXBuildFile; fileRef = 1640ADB01DF11E9700302BD2 /* main.cpp */; };
		1640ADB91DF11EAA00302BD2 /* GLUT.framework in Frameworks */ = {isa = PBXBuildFile; fileRef = 1640ADB81DF11EAA00302BD2 /* GLUT.framework */; };
		1640ADBB1DF11EB300302BD2 /* OpenGL.framework in Frameworks */ = {isa = PBXBuildFile; fileRef = 1640ADBA1DF11EB300302BD2 /* OpenGL.framework */; };
		1640ADBE1DF1242200302BD2 /* bmptotexture.cpp in Sources */ = {isa = PBXBuildFile; fileRef = 1640ADBC1DF1242200302BD2 /* bmptotexture.cpp */; };
		1640ADED1DF134EB00302BD2 /* sphere.cpp in Sources */ = {isa = PBXBuildFile; fileRef = 1640ADEB1DF134EB00302BD2 /* sphere.cpp */; };
/* End PBXBuildFile section */

/* Begin PBXCopyFilesBuildPhase section */
		1640ADAB1DF11E9600302BD2 /* CopyFiles */ = {
			isa = PBXCopyFilesBuildPhase;
			buildActionMask = 2147483647;
			dstPath = /usr/share/man/man1/;
			dstSubfolderSpec = 0;
			files = (
			);
			runOnlyForDeploymentPostprocessing = 1;
		};
/* End PBXCopyFilesBuildPhase section */

/* Begin PBXFileReference section */
		1640ADAD1DF11E9700302BD2 /* ComputerGraphicsFinalProject */ = {isa = PBXFileReference; explicitFileType = "compiled.mach-o.executable"; includeInIndex = 0; path = ComputerGraphicsFinalProject; sourceTree = BUILT_PRODUCTS_DIR; };
		1640ADB01DF11E9700302BD2 /* main.cpp */ = {isa = PBXFileReference; lastKnownFileType = sourcecode.cpp.cpp; path = main.cpp; sourceTree = "<group>"; };
		1640ADB81DF11EAA00302BD2 /* GLUT.framework */ = {isa = PBXFileReference; lastKnownFileType = wrapper.framework; name = GLUT.framework; path = System/Library/Frameworks/GLUT.framework; sourceTree = SDKROOT; };
		1640ADBA1DF11EB300302BD2 /* OpenGL.framework */ = {isa = PBXFileReference; lastKnownFileType = wrapper.framework; name = OpenGL.framework; path = System/Library/Frameworks/OpenGL.framework; sourceTree = SDKROOT; };
		1640ADBC1DF1242200302BD2 /* bmptotexture.cpp */ = {isa = PBXFileReference; fileEncoding = 4; lastKnownFileType = sourcecode.cpp.cpp; path = bmptotexture.cpp; sourceTree = "<group>"; };
		1640ADBD1DF1242200302BD2 /* bmptotexture.hpp */ = {isa = PBXFileReference; fileEncoding = 4; lastKnownFileType = sourcecode.cpp.h; path = bmptotexture.hpp; sourceTree = "<group>"; };
		1640ADE11DF1311800302BD2 /* sunmap.bmp */ = {isa = PBXFileReference; lastKnownFileType = image.bmp; path = sunmap.bmp; sourceTree = "<group>"; };
		1640ADE21DF1315300302BD2 /* earthmap1k.bmp */ = {isa = PBXFileReference; lastKnownFileType = image.bmp; path = earthmap1k.bmp; sourceTree = "<group>"; };
		1640ADE31DF1315300302BD2 /* jupitermap.bmp */ = {isa = PBXFileReference; lastKnownFileType = image.bmp; path = jupitermap.bmp; sourceTree = "<group>"; };
		1640ADE41DF1315300302BD2 /* mars_1k_color.bmp */ = {isa = PBXFileReference; lastKnownFileType = image.bmp; path = mars_1k_color.bmp; sourceTree = "<group>"; };
		1640ADE51DF1315300302BD2 /* mercurymap.bmp */ = {isa = PBXFileReference; lastKnownFileType = image.bmp; path = mercurymap.bmp; sourceTree = "<group>"; };
		1640ADE61DF1315300302BD2 /* neptunemap.bmp */ = {isa = PBXFileReference; lastKnownFileType = image.bmp; path = neptunemap.bmp; sourceTree = "<group>"; };
		1640ADE71DF1315300302BD2 /* plutomap1k.bmp */ = {isa = PBXFileReference; lastKnownFileType = image.bmp; path = plutomap1k.bmp; sourceTree = "<group>"; };
		1640ADE81DF1315300302BD2 /* saturnmap.bmp */ = {isa = PBXFileReference; lastKnownFileType = image.bmp; path = saturnmap.bmp; sourceTree = "<group>"; };
		1640ADE91DF1315300302BD2 /* uranusmap.bmp */ = {isa = PBXFileReference; lastKnownFileType = image.bmp; path = uranusmap.bmp; sourceTree = "<group>"; };
		1640ADEA1DF1315300302BD2 /* venusmap.bmp */ = {isa = PBXFileReference; lastKnownFileType = image.bmp; path = venusmap.bmp; sourceTree = "<group>"; };
		1640ADEB1DF134EB00302BD2 /* sphere.cpp */ = {isa = PBXFileReference; fileEncoding = 4; lastKnownFileType = sourcecode.cpp.cpp; path = sphere.cpp; sourceTree = "<group>"; };
		1640ADEC1DF134EB00302BD2 /* sphere.hpp */ = {isa = PBXFileReference; fileEncoding = 4; lastKnownFileType = sourcecode.cpp.h; path = sphere.hpp; sourceTree = "<group>"; };
/* End PBXFileReference section */

/* Begin PBXFrameworksBuildPhase section */
		1640ADAA1DF11E9600302BD2 /* Frameworks */ = {
			isa = PBXFrameworksBuildPhase;
			buildActionMask = 2147483647;
			files = (
				1640ADBB1DF11EB300302BD2 /* OpenGL.framework in Frameworks */,
				1640ADB91DF11EAA00302BD2 /* GLUT.framework in Frameworks */,
			);
			runOnlyForDeploymentPostprocessing = 0;
		};
/* End PBXFrameworksBuildPhase section */

/* Begin PBXGroup section */
		1640ADA41DF11E9600302BD2 = {
			isa = PBXGroup;
			children = (
				1640ADAF1DF11E9700302BD2 /* ComputerGraphicsFinalProject */,
				1640ADAE1DF11E9700302BD2 /* Products */,
				1640ADB71DF11EAA00302BD2 /* Frameworks */,
			);
			sourceTree = "<group>";
		};
		1640ADAE1DF11E9700302BD2 /* Products */ = {
			isa = PBXGroup;
			children = (
				1640ADAD1DF11E9700302BD2 /* ComputerGraphicsFinalProject */,
			);
			name = Products;
			sourceTree = "<group>";
		};
		1640ADAF1DF11E9700302BD2 /* ComputerGraphicsFinalProject */ = {
			isa = PBXGroup;
			children = (
				1640ADC91DF12B2100302BD2 /* Textures */,
				1640ADB01DF11E9700302BD2 /* main.cpp */,
				1640ADBD1DF1242200302BD2 /* bmptotexture.hpp */,
				1640ADBC1DF1242200302BD2 /* bmptotexture.cpp */,
				1640ADEC1DF134EB00302BD2 /* sphere.hpp */,
				1640ADEB1DF134EB00302BD2 /* sphere.cpp */,
			);
			path = ComputerGraphicsFinalProject;
			sourceTree = "<group>";
		};
		1640ADB71DF11EAA00302BD2 /* Frameworks */ = {
			isa = PBXGroup;
			children = (
				1640ADBA1DF11EB300302BD2 /* OpenGL.framework */,
				1640ADB81DF11EAA00302BD2 /* GLUT.framework */,
			);
			name = Frameworks;
			sourceTree = "<group>";
		};
		1640ADC91DF12B2100302BD2 /* Textures */ = {
			isa = PBXGroup;
			children = (
				1640ADE21DF1315300302BD2 /* earthmap1k.bmp */,
				1640ADE31DF1315300302BD2 /* jupitermap.bmp */,
				1640ADE41DF1315300302BD2 /* mars_1k_color.bmp */,
				1640ADE51DF1315300302BD2 /* mercurymap.bmp */,
				1640ADE61DF1315300302BD2 /* neptunemap.bmp */,
				1640ADE71DF1315300302BD2 /* plutomap1k.bmp */,
				1640ADE81DF1315300302BD2 /* saturnmap.bmp */,
				1640ADE91DF1315300302BD2 /* uranusmap.bmp */,
				1640ADEA1DF1315300302BD2 /* venusmap.bmp */,
				1640ADE11DF1311800302BD2 /* sunmap.bmp */,
			);
			name = Textures;
			sourceTree = "<group>";
		};
/* End PBXGroup section */

/* Begin PBXNativeTarget section */
		1640ADAC1DF11E9600302BD2 /* ComputerGraphicsFinalProject */ = {
			isa = PBXNativeTarget;
			buildConfigurationList = 1640ADB41DF11E9700302BD2 /* Build configuration list for PBXNativeTarget "ComputerGraphicsFinalProject" */;
			buildPhases = (
				1640ADA91DF11E9600302BD2 /* Sources */,
				1640ADAA1DF11E9600302BD2 /* Frameworks */,
				1640ADAB1DF11E9600302BD2 /* CopyFiles */,
			);
			buildRules = (
			);
			dependencies = (
			);
			name = ComputerGraphicsFinalProject;
			productName = ComputerGraphicsFinalProject;
			productReference = 1640ADAD1DF11E9700302BD2 /* ComputerGraphicsFinalProject */;
			productType = "com.apple.product-type.tool";
		};
/* End PBXNativeTarget section */

/* Begin PBXProject section */
		1640ADA51DF11E9600302BD2 /* Project object */ = {
			isa = PBXProject;
			attributes = {
				LastUpgradeCheck = 0810;
				ORGANIZATIONNAME = "Brandon Lee";
				TargetAttributes = {
					1640ADAC1DF11E9600302BD2 = {
						CreatedOnToolsVersion = 8.1;
						ProvisioningStyle = Automatic;
					};
				};
			};
			buildConfigurationList = 1640ADA81DF11E9600302BD2 /* Build configuration list for PBXProject "ComputerGraphicsFinalProject" */;
			compatibilityVersion = "Xcode 3.2";
			developmentRegion = English;
			hasScannedForEncodings = 0;
			knownRegions = (
				en,
			);
			mainGroup = 1640ADA41DF11E9600302BD2;
			productRefGroup = 1640ADAE1DF11E9700302BD2 /* Products */;
			projectDirPath = "";
			projectRoot = "";
			targets = (
				1640ADAC1DF11E9600302BD2 /* ComputerGraphicsFinalProject */,
			);
		};
/* End PBXProject section */

/* Begin PBXSourcesBuildPhase section */
		1640ADA91DF11E9600302BD2 /* Sources */ = {
			isa = PBXSourcesBuildPhase;
			buildActionMask = 2147483647;
			files = (
				1640ADED1DF134EB00302BD2 /* sphere.cpp in Sources */,
				1640ADBE1DF1242200302BD2 /* bmptotexture.cpp in Sources */,
				1640ADB11DF11E9700302BD2 /* main.cpp in Sources */,
			);
			runOnlyForDeploymentPostprocessing = 0;
		};
/* End PBXSourcesBuildPhase section */

/* Begin XCBuildConfiguration section */
		1640ADB21DF11E9700302BD2 /* Debug */ = {
			isa = XCBuildConfiguration;
			buildSettings = {
				ALWAYS_SEARCH_USER_PATHS = NO;
				CLANG_ANALYZER_NONNULL = YES;
				CLANG_CXX_LANGUAGE_STANDARD = "gnu++0x";
				CLANG_CXX_LIBRARY = "libc++";
				CLANG_ENABLE_MODULES = YES;
				CLANG_ENABLE_OBJC_ARC = YES;
				CLANG_WARN_BOOL_CONVERSION = YES;
				CLANG_WARN_CONSTANT_CONVERSION = YES;
				CLANG_WARN_DIRECT_OBJC_ISA_USAGE = YES_ERROR;
				CLANG_WARN_DOCUMENTATION_COMMENTS = YES;
				CLANG_WARN_EMPTY_BODY = YES;
				CLANG_WARN_ENUM_CONVERSION = YES;
				CLANG_WARN_INFINITE_RECURSION = YES;
				CLANG_WARN_INT_CONVERSION = YES;
				CLANG_WARN_OBJC_ROOT_CLASS = YES_ERROR;
				CLANG_WARN_SUSPICIOUS_MOVES = YES;
				CLANG_WARN_UNREACHABLE_CODE = YES;
				CLANG_WARN__DUPLICATE_METHOD_MATCH = YES;
				CODE_SIGN_IDENTITY = "-";
				COPY_PHASE_STRIP = NO;
				DEBUG_INFORMATION_FORMAT = dwarf;
				ENABLE_STRICT_OBJC_MSGSEND = YES;
				ENABLE_TESTABILITY = YES;
				GCC_C_LANGUAGE_STANDARD = gnu99;
				GCC_DYNAMIC_NO_PIC = NO;
				GCC_NO_COMMON_BLOCKS = YES;
				GCC_OPTIMIZATION_LEVEL = 0;
				GCC_PREPROCESSOR_DEFINITIONS = (
					"DEBUG=1",
					"$(inherited)",
				);
				GCC_WARN_64_TO_32_BIT_CONVERSION = YES;
				GCC_WARN_ABOUT_RETURN_TYPE = YES_ERROR;
				GCC_WARN_UNDECLARED_SELECTOR = YES;
				GCC_WARN_UNINITIALIZED_AUTOS = YES_AGGRESSIVE;
				GCC_WARN_UNUSED_FUNCTION = YES;
				GCC_WARN_UNUSED_VARIABLE = YES;
				MACOSX_DEPLOYMENT_TARGET = 10.12;
				MTL_ENABLE_DEBUG_INFO = YES;
				ONLY_ACTIVE_ARCH = YES;
				SDKROOT = macosx;
			};
			name = Debug;
		};
		1640ADB31DF11E9700302BD2 /* Release */ = {
			isa = XCBuildConfiguration;
			buildSettings = {
				ALWAYS_SEARCH_USER_PATHS = NO;
				CLANG_ANALYZER_NONNULL = YES;
				CLANG_CXX_LANGUAGE_STANDARD = "gnu++0x";
				CLANG_CXX_LIBRARY = "libc++";
				CLANG_ENABLE_MODULES = YES;
				CLANG_ENABLE_OBJC_ARC = YES;
				CLANG_WARN_BOOL_CONVERSION = YES;
				CLANG_WARN_CONSTANT_CONVERSION = YES;
				CLANG_WARN_DIRECT_OBJC_ISA_USAGE = YES_ERROR;
				CLANG_WARN_DOCUMENTATION_COMMENTS = YES;
				CLANG_WARN_EMPTY_BODY = YES;
				CLANG_WARN_ENUM_CONVERSION = YES;
				CLANG_WARN_INFINITE_RECURSION = YES;
				CLANG_WARN_INT_CONVERSION = YES;
				CLANG_WARN_OBJC_ROOT_CLASS = YES_ERROR;
				CLANG_WARN_SUSPICIOUS_MOVES = YES;
				CLANG_WARN_UNREACHABLE_CODE = YES;
				CLANG_WARN__DUPLICATE_METHOD_MATCH = YES;
				CODE_SIGN_IDENTITY = "-";
				COPY_PHASE_STRIP = NO;
				DEBUG_INFORMATION_FORMAT = "dwarf-with-dsym";
				ENABLE_NS_ASSERTIONS = NO;
				ENABLE_STRICT_OBJC_MSGSEND = YES;
				GCC_C_LANGUAGE_STANDARD = gnu99;
				GCC_NO_COMMON_BLOCKS = YES;
				GCC_WARN_64_TO_32_BIT_CONVERSION = YES;
				GCC_WARN_ABOUT_RETURN_TYPE = YES_ERROR;
				GCC_WARN_UNDECLARED_SELECTOR = YES;
				GCC_WARN_UNINITIALIZED_AUTOS = YES_AGGRESSIVE;
				GCC_WARN_UNUSED_FUNCTION = YES;
				GCC_WARN_UNUSED_VARIABLE = YES;
				MACOSX_DEPLOYMENT_TARGET = 10.12;
				MTL_ENABLE_DEBUG_INFO = NO;
				SDKROOT = macosx;
			};
			name = Release;
		};
		1640ADB51DF11E9700302BD2 /* Debug */ = {
			isa = XCBuildConfiguration;
			buildSettings = {
				PRODUCT_NAME = "$(TARGET_NAME)";
			};
			name = Debug;
		};
		1640ADB61DF11E9700302BD2 /* Release */ = {
			isa = XCBuildConfiguration;
			buildSettings = {
				PRODUCT_NAME = "$(TARGET_NAME)";
			};
			name = Release;
		};
/* End XCBuildConfiguration section */

/* Begin XCConfigurationList section */
		1640ADA81DF11E9600302BD2 /* Build configuration list for PBXProject "ComputerGraphicsFinalProject" */ = {
			isa = XCConfigurationList;
			buildConfigurations = (
				1640ADB21DF11E9700302BD2 /* Debug */,
				1640ADB31DF11E9700302BD2 /* Release */,
			);
			defaultConfigurationIsVisible = 0;
			defaultConfigurationName = Release;
		};
		1640ADB41DF11E9700302BD2 /* Build configuration list for PBXNativeTarget "ComputerGraphicsFinalProject" */ = {
			isa = XCConfigurationList;
			buildConfigurations = (
				1640ADB51DF11E9700302BD2 /* Debug */,
				1640ADB61DF11E9700302BD2 /* Release */,
			);
			defaultConfigurationIsVisible = 0;
		};
/* End XCConfigurationList section */
	};
	rootObject = 1640ADA51DF11E9600302BD2 /* Project object */;
}
